
Microsoft Visual Studio Solution File, Format Version 12.00
# Visual Studio Version 17
VisualStudioVersion = 17.4.33122.133
MinimumVisualStudioVersion = 10.0.40219.1
Project("{FAE04EC0-301F-11D3-BF4B-00C04F79EFBC}") = "VisitorLog", "VisitorLog\VisitorLog.csproj", "{ECAF783F-CEB0-4908-B423-84752F885A09}"
EndProject
Global
	GlobalSection(SolutionConfigurationPlatforms) = preSolution
		Debug|Any CPU = Debug|Any CPU
		Release|Any CPU = Release|Any CPU
	EndGlobalSection
	GlobalSection(ProjectConfigurationPlatforms) = postSolution
		{ECAF783F-CEB0-4908-B423-84752F885A09}.Debug|Any CPU.ActiveCfg = Debug|Any CPU
		{ECAF783F-CEB0-4908-B423-84752F885A09}.Debug|Any CPU.Build.0 = Debug|Any CPU
		{ECAF783F-CEB0-4908-B423-84752F885A09}.Release|Any CPU.ActiveCfg = Release|Any CPU
		{ECAF783F-CEB0-4908-B423-84752F885A09}.Release|Any CPU.Build.0 = Release|Any CPU
	EndGlobalSection
	GlobalSection(SolutionProperties) = preSolution
		HideSolutionNode = FALSE
	EndGlobalSection
	GlobalSection(ExtensibilityGlobals) = postSolution
		SolutionGuid = {4238B653-E6EE-44FA-8A18-BA46DC9D808F}
	EndGlobalSection
EndGlobal
